// !$*UTF8*$!
{
	archiveVersion = 1;
	classes = {
	};
	objectVersion = 46;
	objects = {

/* Begin PBXBuildFile section */
		358185C91E1E18F30092BAEA /* close-background.jpg in Resources */ = {isa = PBXBuildFile; fileRef = 358185BC1E1E18F30092BAEA /* close-background.jpg */; };
		358185DB1E1E5D650092BAEA /* MainTabBarController.swift in Sources */ = {isa = PBXBuildFile; fileRef = 358185DA1E1E5D650092BAEA /* MainTabBarController.swift */; };
		358185DD1E1F9C600092BAEA /* InboxNavigationController.swift in Sources */ = {isa = PBXBuildFile; fileRef = 358185DC1E1F9C600092BAEA /* InboxNavigationController.swift */; };
		358185E01E1FA07B0092BAEA /* Extensions.swift in Sources */ = {isa = PBXBuildFile; fileRef = 358185DF1E1FA07B0092BAEA /* Extensions.swift */; };
		358185E21E1FA5350092BAEA /* InboxViewController.swift in Sources */ = {isa = PBXBuildFile; fileRef = 358185E11E1FA5350092BAEA /* InboxViewController.swift */; };
		358185E41E1FA7440092BAEA /* OpportunitiesViewController.swift in Sources */ = {isa = PBXBuildFile; fileRef = 358185E31E1FA7440092BAEA /* OpportunitiesViewController.swift */; };
		358185E61E1FA7530092BAEA /* LeadsViewController.swift in Sources */ = {isa = PBXBuildFile; fileRef = 358185E51E1FA7530092BAEA /* LeadsViewController.swift */; };
		358185E81E1FA7610092BAEA /* ReportsViewController.swift in Sources */ = {isa = PBXBuildFile; fileRef = 358185E71E1FA7610092BAEA /* ReportsViewController.swift */; };
		358185EA1E1FA76F0092BAEA /* SettingsViewController.swift in Sources */ = {isa = PBXBuildFile; fileRef = 358185E91E1FA76F0092BAEA /* SettingsViewController.swift */; };
		358185EC1E1FA7AC0092BAEA /* OpportunitiesNavigationController.swift in Sources */ = {isa = PBXBuildFile; fileRef = 358185EB1E1FA7AC0092BAEA /* OpportunitiesNavigationController.swift */; };
		358185EE1E1FA7C10092BAEA /* LeadsNavigationController.swift in Sources */ = {isa = PBXBuildFile; fileRef = 358185ED1E1FA7C10092BAEA /* LeadsNavigationController.swift */; };
		358185F01E1FA7D70092BAEA /* ReportsNavigationController.swift in Sources */ = {isa = PBXBuildFile; fileRef = 358185EF1E1FA7D70092BAEA /* ReportsNavigationController.swift */; };
		358185F21E1FA7F00092BAEA /* SettingsNavigationController.swift in Sources */ = {isa = PBXBuildFile; fileRef = 358185F11E1FA7F00092BAEA /* SettingsNavigationController.swift */; };
		3586C0F01E23C15800BDB146 /* AllInboxViewController.swift in Sources */ = {isa = PBXBuildFile; fileRef = 3586C0EF1E23C15800BDB146 /* AllInboxViewController.swift */; };
		3586C0F21E23C16E00BDB146 /* FutureInboxViewController.swift in Sources */ = {isa = PBXBuildFile; fileRef = 3586C0F11E23C16E00BDB146 /* FutureInboxViewController.swift */; };
		3586C0F41E23C18500BDB146 /* DoneInboxViewController.swift in Sources */ = {isa = PBXBuildFile; fileRef = 3586C0F31E23C18500BDB146 /* DoneInboxViewController.swift */; };
		3586C0F71E24C50600BDB146 /* Task.swift in Sources */ = {isa = PBXBuildFile; fileRef = 3586C0F61E24C50600BDB146 /* Task.swift */; };
		3586C0F91E24CBCA00BDB146 /* User.swift in Sources */ = {isa = PBXBuildFile; fileRef = 3586C0F81E24CBCA00BDB146 /* User.swift */; };
		3586C0FB1E24CC8900BDB146 /* Lead.swift in Sources */ = {isa = PBXBuildFile; fileRef = 3586C0FA1E24CC8900BDB146 /* Lead.swift */; };
		3586C0FD1E24FA0200BDB146 /* OverridenPagingMenuController.swift in Sources */ = {isa = PBXBuildFile; fileRef = 3586C0FC1E24FA0200BDB146 /* OverridenPagingMenuController.swift */; };
		358D749C1E4456DE0093CC70 /* AddLeadTaskDelegate.swift in Sources */ = {isa = PBXBuildFile; fileRef = 358D749B1E4456DE0093CC70 /* AddLeadTaskDelegate.swift */; };
		359EC9E41E1B78E900083309 /* Lato-Black.ttf in Resources */ = {isa = PBXBuildFile; fileRef = 359EC9DF1E1B78E900083309 /* Lato-Black.ttf */; };
		359EC9E51E1B78E900083309 /* Lato-Bold.ttf in Resources */ = {isa = PBXBuildFile; fileRef = 359EC9E01E1B78E900083309 /* Lato-Bold.ttf */; };
		359EC9E61E1B78E900083309 /* Lato-Hairline.ttf in Resources */ = {isa = PBXBuildFile; fileRef = 359EC9E11E1B78E900083309 /* Lato-Hairline.ttf */; };
		359EC9E71E1B78E900083309 /* Lato-Light.ttf in Resources */ = {isa = PBXBuildFile; fileRef = 359EC9E21E1B78E900083309 /* Lato-Light.ttf */; };
		359EC9E81E1B78E900083309 /* Lato-Regular.ttf in Resources */ = {isa = PBXBuildFile; fileRef = 359EC9E31E1B78E900083309 /* Lato-Regular.ttf */; };
		359EC9EB1E1B7ADE00083309 /* Utilities.swift in Sources */ = {isa = PBXBuildFile; fileRef = 359EC9EA1E1B7ADE00083309 /* Utilities.swift */; };
		359EC9ED1E1B7AF300083309 /* ProjectCloseColors.swift in Sources */ = {isa = PBXBuildFile; fileRef = 359EC9EC1E1B7AF300083309 /* ProjectCloseColors.swift */; };
		359EC9EF1E1B7B0600083309 /* ProjectCloseFonts.swift in Sources */ = {isa = PBXBuildFile; fileRef = 359EC9EE1E1B7B0600083309 /* ProjectCloseFonts.swift */; };
		359EC9F11E1B7B1700083309 /* ProjectCloseStrings.swift in Sources */ = {isa = PBXBuildFile; fileRef = 359EC9F01E1B7B1700083309 /* ProjectCloseStrings.swift */; };
		359EC9F41E1B8EE700083309 /* UIOffsetUITextField.swift in Sources */ = {isa = PBXBuildFile; fileRef = 359EC9F31E1B8EE700083309 /* UIOffsetUITextField.swift */; };
		35CA993E1E406D1B00240E53 /* LeadDetailsContainerViewController.swift in Sources */ = {isa = PBXBuildFile; fileRef = 35CA993D1E406D1B00240E53 /* LeadDetailsContainerViewController.swift */; };
		35CA99401E41CE5F00240E53 /* AddLeadTaskViewController.swift in Sources */ = {isa = PBXBuildFile; fileRef = 35CA993F1E41CE5F00240E53 /* AddLeadTaskViewController.swift */; };
		35CA99421E41FBFD00240E53 /* ChooseUserTableViewController.swift in Sources */ = {isa = PBXBuildFile; fileRef = 35CA99411E41FBFD00240E53 /* ChooseUserTableViewController.swift */; };
		35CA99441E42160200240E53 /* UserChoosenDelegate.swift in Sources */ = {isa = PBXBuildFile; fileRef = 35CA99431E42160200240E53 /* UserChoosenDelegate.swift */; };
		35CEC2A71E1A26C8007CE4CD /* AppDelegate.swift in Sources */ = {isa = PBXBuildFile; fileRef = 35CEC2A61E1A26C8007CE4CD /* AppDelegate.swift */; };
		35CEC2AE1E1A26C8007CE4CD /* Assets.xcassets in Resources */ = {isa = PBXBuildFile; fileRef = 35CEC2AD1E1A26C8007CE4CD /* Assets.xcassets */; };
		35CEC2B11E1A26C8007CE4CD /* LaunchScreen.storyboard in Resources */ = {isa = PBXBuildFile; fileRef = 35CEC2AF1E1A26C8007CE4CD /* LaunchScreen.storyboard */; };
		35CEC2BC1E1A26C8007CE4CD /* ProjectCloseTests.swift in Sources */ = {isa = PBXBuildFile; fileRef = 35CEC2BB1E1A26C8007CE4CD /* ProjectCloseTests.swift */; };
		35CEC2C71E1A26C8007CE4CD /* ProjectCloseUITests.swift in Sources */ = {isa = PBXBuildFile; fileRef = 35CEC2C61E1A26C8007CE4CD /* ProjectCloseUITests.swift */; };
		35CEC2D61E1A2719007CE4CD /* LoginViewController.swift in Sources */ = {isa = PBXBuildFile; fileRef = 35CEC2D51E1A2719007CE4CD /* LoginViewController.swift */; };
		35EB2EED1E2BAC0300C4EB19 /* AddUserViewController.swift in Sources */ = {isa = PBXBuildFile; fileRef = 35EB2EEC1E2BAC0300C4EB19 /* AddUserViewController.swift */; };
		35EB2EEF1E2C882800C4EB19 /* UsersTableViewController.swift in Sources */ = {isa = PBXBuildFile; fileRef = 35EB2EEE1E2C882800C4EB19 /* UsersTableViewController.swift */; };
		35EB2EF91E2CAB1300C4EB19 /* UserTableViewCell.swift in Sources */ = {isa = PBXBuildFile; fileRef = 35EB2EF81E2CAB1300C4EB19 /* UserTableViewCell.swift */; };
		35EB2EFC1E2D168800C4EB19 /* AddUserDelegate.swift in Sources */ = {isa = PBXBuildFile; fileRef = 35EB2EFB1E2D168800C4EB19 /* AddUserDelegate.swift */; };
		35EB2EFE1E2F8C4400C4EB19 /* SettingsTableViewController.swift in Sources */ = {isa = PBXBuildFile; fileRef = 35EB2EFD1E2F8C4400C4EB19 /* SettingsTableViewController.swift */; };
		35EB2F001E31F4AE00C4EB19 /* LeadsTableViewController.swift in Sources */ = {isa = PBXBuildFile; fileRef = 35EB2EFF1E31F4AE00C4EB19 /* LeadsTableViewController.swift */; };
		35EB2F021E31FC5400C4EB19 /* AddLeadViewController.swift in Sources */ = {isa = PBXBuildFile; fileRef = 35EB2F011E31FC5400C4EB19 /* AddLeadViewController.swift */; };
		35EB2F041E35C46000C4EB19 /* LeadTasksTableViewController.swift in Sources */ = {isa = PBXBuildFile; fileRef = 35EB2F031E35C46000C4EB19 /* LeadTasksTableViewController.swift */; };
		35EB2F061E35C47400C4EB19 /* LeadOpportunitiesTableViewController.swift in Sources */ = {isa = PBXBuildFile; fileRef = 35EB2F051E35C47400C4EB19 /* LeadOpportunitiesTableViewController.swift */; };
		35EB2F081E35C48900C4EB19 /* LeadContactsTableViewController.swift in Sources */ = {isa = PBXBuildFile; fileRef = 35EB2F071E35C48900C4EB19 /* LeadContactsTableViewController.swift */; };
		35EB2F0A1E35C4A200C4EB19 /* LeadMessagesTableViewController.swift in Sources */ = {isa = PBXBuildFile; fileRef = 35EB2F091E35C4A200C4EB19 /* LeadMessagesTableViewController.swift */; };
		35EB2F0C1E35C73400C4EB19 /* LeadDetailsPagingMenuViewController.swift in Sources */ = {isa = PBXBuildFile; fileRef = 35EB2F0B1E35C73400C4EB19 /* LeadDetailsPagingMenuViewController.swift */; };
		35EB2F0E1E365AF600C4EB19 /* LeadStatusTableViewController.swift in Sources */ = {isa = PBXBuildFile; fileRef = 35EB2F0D1E365AF600C4EB19 /* LeadStatusTableViewController.swift */; };
		35EB2F101E36FAF800C4EB19 /* AddLeadDelegate.swift in Sources */ = {isa = PBXBuildFile; fileRef = 35EB2F0F1E36FAF800C4EB19 /* AddLeadDelegate.swift */; };
		35EB2F121E37010900C4EB19 /* ChangeLeadDelegate.swift in Sources */ = {isa = PBXBuildFile; fileRef = 35EB2F111E37010900C4EB19 /* ChangeLeadDelegate.swift */; };
		35EB2F141E38682100C4EB19 /* MakeLeadDetailsPagingMenuViewController.swift in Sources */ = {isa = PBXBuildFile; fileRef = 35EB2F131E38682100C4EB19 /* MakeLeadDetailsPagingMenuViewController.swift */; };
		4EAFEA22DF094AAFCFFB7F8A /* Pods_ProjectCloseTests.framework in Frameworks */ = {isa = PBXBuildFile; fileRef = 6ABFF71A2C809F8FAE305C97 /* Pods_ProjectCloseTests.framework */; };
		839F266250DD004C7090B642 /* Pods_ProjectCloseUITests.framework in Frameworks */ = {isa = PBXBuildFile; fileRef = D476D2C04CC9BB383AD23579 /* Pods_ProjectCloseUITests.framework */; };
		A7E89BC35AE668D100ED52F3 /* Pods_ProjectClose.framework in Frameworks */ = {isa = PBXBuildFile; fileRef = 9BCE2880D9FB88671B2CABD2 /* Pods_ProjectClose.framework */; };
/* End PBXBuildFile section */

/* Begin PBXContainerItemProxy section */
		35CEC2B81E1A26C8007CE4CD /* PBXContainerItemProxy */ = {
			isa = PBXContainerItemProxy;
			containerPortal = 35CEC29B1E1A26C7007CE4CD /* Project object */;
			proxyType = 1;
			remoteGlobalIDString = 35CEC2A21E1A26C8007CE4CD;
			remoteInfo = ProjectClose;
		};
		35CEC2C31E1A26C8007CE4CD /* PBXContainerItemProxy */ = {
			isa = PBXContainerItemProxy;
			containerPortal = 35CEC29B1E1A26C7007CE4CD /* Project object */;
			proxyType = 1;
			remoteGlobalIDString = 35CEC2A21E1A26C8007CE4CD;
			remoteInfo = ProjectClose;
		};
/* End PBXContainerItemProxy section */

/* Begin PBXFileReference section */
		28464E6986A7DD2ADF204656 /* Pods-ProjectCloseTests.debug.xcconfig */ = {isa = PBXFileReference; includeInIndex = 1; lastKnownFileType = text.xcconfig; name = "Pods-ProjectCloseTests.debug.xcconfig"; path = "Pods/Target Support Files/Pods-ProjectCloseTests/Pods-ProjectCloseTests.debug.xcconfig"; sourceTree = "<group>"; };
		358185BC1E1E18F30092BAEA /* close-background.jpg */ = {isa = PBXFileReference; lastKnownFileType = image.jpeg; path = "close-background.jpg"; sourceTree = "<group>"; };
		358185DA1E1E5D650092BAEA /* MainTabBarController.swift */ = {isa = PBXFileReference; fileEncoding = 4; lastKnownFileType = sourcecode.swift; path = MainTabBarController.swift; sourceTree = "<group>"; };
		358185DC1E1F9C600092BAEA /* InboxNavigationController.swift */ = {isa = PBXFileReference; fileEncoding = 4; lastKnownFileType = sourcecode.swift; path = InboxNavigationController.swift; sourceTree = "<group>"; };
		358185DF1E1FA07B0092BAEA /* Extensions.swift */ = {isa = PBXFileReference; fileEncoding = 4; lastKnownFileType = sourcecode.swift; path = Extensions.swift; sourceTree = "<group>"; };
		358185E11E1FA5350092BAEA /* InboxViewController.swift */ = {isa = PBXFileReference; fileEncoding = 4; lastKnownFileType = sourcecode.swift; path = InboxViewController.swift; sourceTree = "<group>"; };
		358185E31E1FA7440092BAEA /* OpportunitiesViewController.swift */ = {isa = PBXFileReference; fileEncoding = 4; lastKnownFileType = sourcecode.swift; path = OpportunitiesViewController.swift; sourceTree = "<group>"; };
		358185E51E1FA7530092BAEA /* LeadsViewController.swift */ = {isa = PBXFileReference; fileEncoding = 4; lastKnownFileType = sourcecode.swift; path = LeadsViewController.swift; sourceTree = "<group>"; };
		358185E71E1FA7610092BAEA /* ReportsViewController.swift */ = {isa = PBXFileReference; fileEncoding = 4; lastKnownFileType = sourcecode.swift; path = ReportsViewController.swift; sourceTree = "<group>"; };
		358185E91E1FA76F0092BAEA /* SettingsViewController.swift */ = {isa = PBXFileReference; fileEncoding = 4; lastKnownFileType = sourcecode.swift; path = SettingsViewController.swift; sourceTree = "<group>"; };
		358185EB1E1FA7AC0092BAEA /* OpportunitiesNavigationController.swift */ = {isa = PBXFileReference; fileEncoding = 4; lastKnownFileType = sourcecode.swift; path = OpportunitiesNavigationController.swift; sourceTree = "<group>"; };
		358185ED1E1FA7C10092BAEA /* LeadsNavigationController.swift */ = {isa = PBXFileReference; fileEncoding = 4; lastKnownFileType = sourcecode.swift; path = LeadsNavigationController.swift; sourceTree = "<group>"; };
		358185EF1E1FA7D70092BAEA /* ReportsNavigationController.swift */ = {isa = PBXFileReference; fileEncoding = 4; lastKnownFileType = sourcecode.swift; path = ReportsNavigationController.swift; sourceTree = "<group>"; };
		358185F11E1FA7F00092BAEA /* SettingsNavigationController.swift */ = {isa = PBXFileReference; fileEncoding = 4; lastKnownFileType = sourcecode.swift; path = SettingsNavigationController.swift; sourceTree = "<group>"; };
		3586C0EF1E23C15800BDB146 /* AllInboxViewController.swift */ = {isa = PBXFileReference; fileEncoding = 4; lastKnownFileType = sourcecode.swift; path = AllInboxViewController.swift; sourceTree = "<group>"; };
		3586C0F11E23C16E00BDB146 /* FutureInboxViewController.swift */ = {isa = PBXFileReference; fileEncoding = 4; lastKnownFileType = sourcecode.swift; path = FutureInboxViewController.swift; sourceTree = "<group>"; };
		3586C0F31E23C18500BDB146 /* DoneInboxViewController.swift */ = {isa = PBXFileReference; fileEncoding = 4; lastKnownFileType = sourcecode.swift; path = DoneInboxViewController.swift; sourceTree = "<group>"; };
		3586C0F61E24C50600BDB146 /* Task.swift */ = {isa = PBXFileReference; fileEncoding = 4; lastKnownFileType = sourcecode.swift; path = Task.swift; sourceTree = "<group>"; };
		3586C0F81E24CBCA00BDB146 /* User.swift */ = {isa = PBXFileReference; fileEncoding = 4; lastKnownFileType = sourcecode.swift; path = User.swift; sourceTree = "<group>"; };
		3586C0FA1E24CC8900BDB146 /* Lead.swift */ = {isa = PBXFileReference; fileEncoding = 4; lastKnownFileType = sourcecode.swift; path = Lead.swift; sourceTree = "<group>"; };
		3586C0FC1E24FA0200BDB146 /* OverridenPagingMenuController.swift */ = {isa = PBXFileReference; fileEncoding = 4; lastKnownFileType = sourcecode.swift; path = OverridenPagingMenuController.swift; sourceTree = "<group>"; };
		358D749B1E4456DE0093CC70 /* AddLeadTaskDelegate.swift */ = {isa = PBXFileReference; fileEncoding = 4; lastKnownFileType = sourcecode.swift; path = AddLeadTaskDelegate.swift; sourceTree = "<group>"; };
		359EC9DF1E1B78E900083309 /* Lato-Black.ttf */ = {isa = PBXFileReference; lastKnownFileType = file; path = "Lato-Black.ttf"; sourceTree = "<group>"; };
		359EC9E01E1B78E900083309 /* Lato-Bold.ttf */ = {isa = PBXFileReference; lastKnownFileType = file; path = "Lato-Bold.ttf"; sourceTree = "<group>"; };
		359EC9E11E1B78E900083309 /* Lato-Hairline.ttf */ = {isa = PBXFileReference; lastKnownFileType = file; path = "Lato-Hairline.ttf"; sourceTree = "<group>"; };
		359EC9E21E1B78E900083309 /* Lato-Light.ttf */ = {isa = PBXFileReference; lastKnownFileType = file; path = "Lato-Light.ttf"; sourceTree = "<group>"; };
		359EC9E31E1B78E900083309 /* Lato-Regular.ttf */ = {isa = PBXFileReference; lastKnownFileType = file; path = "Lato-Regular.ttf"; sourceTree = "<group>"; };
		359EC9EA1E1B7ADE00083309 /* Utilities.swift */ = {isa = PBXFileReference; fileEncoding = 4; lastKnownFileType = sourcecode.swift; path = Utilities.swift; sourceTree = "<group>"; };
		359EC9EC1E1B7AF300083309 /* ProjectCloseColors.swift */ = {isa = PBXFileReference; fileEncoding = 4; lastKnownFileType = sourcecode.swift; path = ProjectCloseColors.swift; sourceTree = "<group>"; };
		359EC9EE1E1B7B0600083309 /* ProjectCloseFonts.swift */ = {isa = PBXFileReference; fileEncoding = 4; lastKnownFileType = sourcecode.swift; path = ProjectCloseFonts.swift; sourceTree = "<group>"; };
		359EC9F01E1B7B1700083309 /* ProjectCloseStrings.swift */ = {isa = PBXFileReference; fileEncoding = 4; lastKnownFileType = sourcecode.swift; path = ProjectCloseStrings.swift; sourceTree = "<group>"; };
		359EC9F31E1B8EE700083309 /* UIOffsetUITextField.swift */ = {isa = PBXFileReference; fileEncoding = 4; lastKnownFileType = sourcecode.swift; path = UIOffsetUITextField.swift; sourceTree = "<group>"; };
		35CA993D1E406D1B00240E53 /* LeadDetailsContainerViewController.swift */ = {isa = PBXFileReference; fileEncoding = 4; lastKnownFileType = sourcecode.swift; path = LeadDetailsContainerViewController.swift; sourceTree = "<group>"; };
		35CA993F1E41CE5F00240E53 /* AddLeadTaskViewController.swift */ = {isa = PBXFileReference; fileEncoding = 4; lastKnownFileType = sourcecode.swift; path = AddLeadTaskViewController.swift; sourceTree = "<group>"; };
		35CA99411E41FBFD00240E53 /* ChooseUserTableViewController.swift */ = {isa = PBXFileReference; fileEncoding = 4; lastKnownFileType = sourcecode.swift; path = ChooseUserTableViewController.swift; sourceTree = "<group>"; };
		35CA99431E42160200240E53 /* UserChoosenDelegate.swift */ = {isa = PBXFileReference; fileEncoding = 4; lastKnownFileType = sourcecode.swift; path = UserChoosenDelegate.swift; sourceTree = "<group>"; };
		35CEC2A31E1A26C8007CE4CD /* ProjectClose.app */ = {isa = PBXFileReference; explicitFileType = wrapper.application; includeInIndex = 0; path = ProjectClose.app; sourceTree = BUILT_PRODUCTS_DIR; };
		35CEC2A61E1A26C8007CE4CD /* AppDelegate.swift */ = {isa = PBXFileReference; lastKnownFileType = sourcecode.swift; path = AppDelegate.swift; sourceTree = "<group>"; };
		35CEC2AD1E1A26C8007CE4CD /* Assets.xcassets */ = {isa = PBXFileReference; lastKnownFileType = folder.assetcatalog; path = Assets.xcassets; sourceTree = "<group>"; };
		35CEC2B01E1A26C8007CE4CD /* Base */ = {isa = PBXFileReference; lastKnownFileType = file.storyboard; name = Base; path = Base.lproj/LaunchScreen.storyboard; sourceTree = "<group>"; };
		35CEC2B21E1A26C8007CE4CD /* Info.plist */ = {isa = PBXFileReference; lastKnownFileType = text.plist.xml; path = Info.plist; sourceTree = "<group>"; };
		35CEC2B71E1A26C8007CE4CD /* ProjectCloseTests.xctest */ = {isa = PBXFileReference; explicitFileType = wrapper.cfbundle; includeInIndex = 0; path = ProjectCloseTests.xctest; sourceTree = BUILT_PRODUCTS_DIR; };
		35CEC2BB1E1A26C8007CE4CD /* ProjectCloseTests.swift */ = {isa = PBXFileReference; lastKnownFileType = sourcecode.swift; path = ProjectCloseTests.swift; sourceTree = "<group>"; };
		35CEC2BD1E1A26C8007CE4CD /* Info.plist */ = {isa = PBXFileReference; lastKnownFileType = text.plist.xml; path = Info.plist; sourceTree = "<group>"; };
		35CEC2C21E1A26C8007CE4CD /* ProjectCloseUITests.xctest */ = {isa = PBXFileReference; explicitFileType = wrapper.cfbundle; includeInIndex = 0; path = ProjectCloseUITests.xctest; sourceTree = BUILT_PRODUCTS_DIR; };
		35CEC2C61E1A26C8007CE4CD /* ProjectCloseUITests.swift */ = {isa = PBXFileReference; lastKnownFileType = sourcecode.swift; path = ProjectCloseUITests.swift; sourceTree = "<group>"; };
		35CEC2C81E1A26C8007CE4CD /* Info.plist */ = {isa = PBXFileReference; lastKnownFileType = text.plist.xml; path = Info.plist; sourceTree = "<group>"; };
		35CEC2D51E1A2719007CE4CD /* LoginViewController.swift */ = {isa = PBXFileReference; fileEncoding = 4; lastKnownFileType = sourcecode.swift; path = LoginViewController.swift; sourceTree = "<group>"; };
		35EB2EEC1E2BAC0300C4EB19 /* AddUserViewController.swift */ = {isa = PBXFileReference; fileEncoding = 4; lastKnownFileType = sourcecode.swift; path = AddUserViewController.swift; sourceTree = "<group>"; };
		35EB2EEE1E2C882800C4EB19 /* UsersTableViewController.swift */ = {isa = PBXFileReference; fileEncoding = 4; lastKnownFileType = sourcecode.swift; path = UsersTableViewController.swift; sourceTree = "<group>"; };
		35EB2EF81E2CAB1300C4EB19 /* UserTableViewCell.swift */ = {isa = PBXFileReference; fileEncoding = 4; lastKnownFileType = sourcecode.swift; path = UserTableViewCell.swift; sourceTree = "<group>"; };
		35EB2EFB1E2D168800C4EB19 /* AddUserDelegate.swift */ = {isa = PBXFileReference; fileEncoding = 4; lastKnownFileType = sourcecode.swift; path = AddUserDelegate.swift; sourceTree = "<group>"; };
		35EB2EFD1E2F8C4400C4EB19 /* SettingsTableViewController.swift */ = {isa = PBXFileReference; fileEncoding = 4; lastKnownFileType = sourcecode.swift; path = SettingsTableViewController.swift; sourceTree = "<group>"; };
		35EB2EFF1E31F4AE00C4EB19 /* LeadsTableViewController.swift */ = {isa = PBXFileReference; fileEncoding = 4; lastKnownFileType = sourcecode.swift; path = LeadsTableViewController.swift; sourceTree = "<group>"; };
		35EB2F011E31FC5400C4EB19 /* AddLeadViewController.swift */ = {isa = PBXFileReference; fileEncoding = 4; lastKnownFileType = sourcecode.swift; path = AddLeadViewController.swift; sourceTree = "<group>"; };
		35EB2F031E35C46000C4EB19 /* LeadTasksTableViewController.swift */ = {isa = PBXFileReference; fileEncoding = 4; lastKnownFileType = sourcecode.swift; path = LeadTasksTableViewController.swift; sourceTree = "<group>"; };
		35EB2F051E35C47400C4EB19 /* LeadOpportunitiesTableViewController.swift */ = {isa = PBXFileReference; fileEncoding = 4; lastKnownFileType = sourcecode.swift; path = LeadOpportunitiesTableViewController.swift; sourceTree = "<group>"; };
		35EB2F071E35C48900C4EB19 /* LeadContactsTableViewController.swift */ = {isa = PBXFileReference; fileEncoding = 4; lastKnownFileType = sourcecode.swift; path = LeadContactsTableViewController.swift; sourceTree = "<group>"; };
		35EB2F091E35C4A200C4EB19 /* LeadMessagesTableViewController.swift */ = {isa = PBXFileReference; fileEncoding = 4; lastKnownFileType = sourcecode.swift; path = LeadMessagesTableViewController.swift; sourceTree = "<group>"; };
		35EB2F0B1E35C73400C4EB19 /* LeadDetailsPagingMenuViewController.swift */ = {isa = PBXFileReference; fileEncoding = 4; lastKnownFileType = sourcecode.swift; path = LeadDetailsPagingMenuViewController.swift; sourceTree = "<group>"; };
		35EB2F0D1E365AF600C4EB19 /* LeadStatusTableViewController.swift */ = {isa = PBXFileReference; fileEncoding = 4; lastKnownFileType = sourcecode.swift; path = LeadStatusTableViewController.swift; sourceTree = "<group>"; };
		35EB2F0F1E36FAF800C4EB19 /* AddLeadDelegate.swift */ = {isa = PBXFileReference; fileEncoding = 4; lastKnownFileType = sourcecode.swift; path = AddLeadDelegate.swift; sourceTree = "<group>"; };
		35EB2F111E37010900C4EB19 /* ChangeLeadDelegate.swift */ = {isa = PBXFileReference; fileEncoding = 4; lastKnownFileType = sourcecode.swift; path = ChangeLeadDelegate.swift; sourceTree = "<group>"; };
		35EB2F131E38682100C4EB19 /* MakeLeadDetailsPagingMenuViewController.swift */ = {isa = PBXFileReference; fileEncoding = 4; lastKnownFileType = sourcecode.swift; path = MakeLeadDetailsPagingMenuViewController.swift; sourceTree = "<group>"; };
		37C923CCB9F5D096F31FBB7F /* Pods-ProjectCloseUITests.debug.xcconfig */ = {isa = PBXFileReference; includeInIndex = 1; lastKnownFileType = text.xcconfig; name = "Pods-ProjectCloseUITests.debug.xcconfig"; path = "Pods/Target Support Files/Pods-ProjectCloseUITests/Pods-ProjectCloseUITests.debug.xcconfig"; sourceTree = "<group>"; };
		6ABFF71A2C809F8FAE305C97 /* Pods_ProjectCloseTests.framework */ = {isa = PBXFileReference; explicitFileType = wrapper.framework; includeInIndex = 0; path = Pods_ProjectCloseTests.framework; sourceTree = BUILT_PRODUCTS_DIR; };
		6ECAE13BDA4955B49286C340 /* Pods-ProjectClose.debug.xcconfig */ = {isa = PBXFileReference; includeInIndex = 1; lastKnownFileType = text.xcconfig; name = "Pods-ProjectClose.debug.xcconfig"; path = "Pods/Target Support Files/Pods-ProjectClose/Pods-ProjectClose.debug.xcconfig"; sourceTree = "<group>"; };
		79B0DBDFB01DA63D6867F237 /* Pods-ProjectClose.release.xcconfig */ = {isa = PBXFileReference; includeInIndex = 1; lastKnownFileType = text.xcconfig; name = "Pods-ProjectClose.release.xcconfig"; path = "Pods/Target Support Files/Pods-ProjectClose/Pods-ProjectClose.release.xcconfig"; sourceTree = "<group>"; };
		9BCE2880D9FB88671B2CABD2 /* Pods_ProjectClose.framework */ = {isa = PBXFileReference; explicitFileType = wrapper.framework; includeInIndex = 0; path = Pods_ProjectClose.framework; sourceTree = BUILT_PRODUCTS_DIR; };
		A8D95A08FB6D89E14964D0C8 /* Pods-ProjectCloseTests.release.xcconfig */ = {isa = PBXFileReference; includeInIndex = 1; lastKnownFileType = text.xcconfig; name = "Pods-ProjectCloseTests.release.xcconfig"; path = "Pods/Target Support Files/Pods-ProjectCloseTests/Pods-ProjectCloseTests.release.xcconfig"; sourceTree = "<group>"; };
		D476D2C04CC9BB383AD23579 /* Pods_ProjectCloseUITests.framework */ = {isa = PBXFileReference; explicitFileType = wrapper.framework; includeInIndex = 0; path = Pods_ProjectCloseUITests.framework; sourceTree = BUILT_PRODUCTS_DIR; };
		D7517B93CB45629F7DF06CB9 /* Pods-ProjectCloseUITests.release.xcconfig */ = {isa = PBXFileReference; includeInIndex = 1; lastKnownFileType = text.xcconfig; name = "Pods-ProjectCloseUITests.release.xcconfig"; path = "Pods/Target Support Files/Pods-ProjectCloseUITests/Pods-ProjectCloseUITests.release.xcconfig"; sourceTree = "<group>"; };
/* End PBXFileReference section */

/* Begin PBXFrameworksBuildPhase section */
		35CEC2A01E1A26C8007CE4CD /* Frameworks */ = {
			isa = PBXFrameworksBuildPhase;
			buildActionMask = 2147483647;
			files = (
				A7E89BC35AE668D100ED52F3 /* Pods_ProjectClose.framework in Frameworks */,
			);
			runOnlyForDeploymentPostprocessing = 0;
		};
		35CEC2B41E1A26C8007CE4CD /* Frameworks */ = {
			isa = PBXFrameworksBuildPhase;
			buildActionMask = 2147483647;
			files = (
				4EAFEA22DF094AAFCFFB7F8A /* Pods_ProjectCloseTests.framework in Frameworks */,
			);
			runOnlyForDeploymentPostprocessing = 0;
		};
		35CEC2BF1E1A26C8007CE4CD /* Frameworks */ = {
			isa = PBXFrameworksBuildPhase;
			buildActionMask = 2147483647;
			files = (
				839F266250DD004C7090B642 /* Pods_ProjectCloseUITests.framework in Frameworks */,
			);
			runOnlyForDeploymentPostprocessing = 0;
		};
/* End PBXFrameworksBuildPhase section */

/* Begin PBXGroup section */
		2CCF47F4A62BB2EA17C0B605 /* Frameworks */ = {
			isa = PBXGroup;
			children = (
				9BCE2880D9FB88671B2CABD2 /* Pods_ProjectClose.framework */,
				6ABFF71A2C809F8FAE305C97 /* Pods_ProjectCloseTests.framework */,
				D476D2C04CC9BB383AD23579 /* Pods_ProjectCloseUITests.framework */,
			);
			name = Frameworks;
			sourceTree = "<group>";
		};
		358185B11E1E06C40092BAEA /* Images */ = {
			isa = PBXGroup;
			children = (
				358185BC1E1E18F30092BAEA /* close-background.jpg */,
			);
			name = Images;
			sourceTree = "<group>";
		};
		358185DE1E1FA0560092BAEA /* Extensions */ = {
			isa = PBXGroup;
			children = (
				358185DF1E1FA07B0092BAEA /* Extensions.swift */,
			);
			name = Extensions;
			sourceTree = "<group>";
		};
		3586C0F51E24C4B700BDB146 /* Models */ = {
			isa = PBXGroup;
			children = (
				3586C0F61E24C50600BDB146 /* Task.swift */,
				3586C0F81E24CBCA00BDB146 /* User.swift */,
				3586C0FA1E24CC8900BDB146 /* Lead.swift */,
			);
			name = Models;
			sourceTree = "<group>";
		};
		359EC9DE1E1B789E00083309 /* Fonts */ = {
			isa = PBXGroup;
			children = (
				359EC9DF1E1B78E900083309 /* Lato-Black.ttf */,
				359EC9E01E1B78E900083309 /* Lato-Bold.ttf */,
				359EC9E11E1B78E900083309 /* Lato-Hairline.ttf */,
				359EC9E21E1B78E900083309 /* Lato-Light.ttf */,
				359EC9E31E1B78E900083309 /* Lato-Regular.ttf */,
			);
			name = Fonts;
			sourceTree = "<group>";
		};
		359EC9E91E1B7AB700083309 /* Helpers */ = {
			isa = PBXGroup;
			children = (
				359EC9EA1E1B7ADE00083309 /* Utilities.swift */,
				359EC9EC1E1B7AF300083309 /* ProjectCloseColors.swift */,
				359EC9EE1E1B7B0600083309 /* ProjectCloseFonts.swift */,
				359EC9F01E1B7B1700083309 /* ProjectCloseStrings.swift */,
				35EB2F131E38682100C4EB19 /* MakeLeadDetailsPagingMenuViewController.swift */,
			);
			name = Helpers;
			sourceTree = "<group>";
		};
		359EC9F21E1B8EB800083309 /* Views */ = {
			isa = PBXGroup;
			children = (
				359EC9F31E1B8EE700083309 /* UIOffsetUITextField.swift */,
				35EB2EF81E2CAB1300C4EB19 /* UserTableViewCell.swift */,
			);
			name = Views;
			sourceTree = "<group>";
		};
		35CEC29A1E1A26C7007CE4CD = {
			isa = PBXGroup;
			children = (
				35CEC2A51E1A26C8007CE4CD /* ProjectClose */,
				35CEC2BA1E1A26C8007CE4CD /* ProjectCloseTests */,
				35CEC2C51E1A26C8007CE4CD /* ProjectCloseUITests */,
				35CEC2A41E1A26C8007CE4CD /* Products */,
				633E6FB097E56B8348540EB6 /* Pods */,
				2CCF47F4A62BB2EA17C0B605 /* Frameworks */,
			);
			sourceTree = "<group>";
		};
		35CEC2A41E1A26C8007CE4CD /* Products */ = {
			isa = PBXGroup;
			children = (
				35CEC2A31E1A26C8007CE4CD /* ProjectClose.app */,
				35CEC2B71E1A26C8007CE4CD /* ProjectCloseTests.xctest */,
				35CEC2C21E1A26C8007CE4CD /* ProjectCloseUITests.xctest */,
			);
			name = Products;
			sourceTree = "<group>";
		};
		35CEC2A51E1A26C8007CE4CD /* ProjectClose */ = {
			isa = PBXGroup;
			children = (
				35EB2EFA1E2D164900C4EB19 /* Protocols */,
				3586C0F51E24C4B700BDB146 /* Models */,
				358185DE1E1FA0560092BAEA /* Extensions */,
				358185B11E1E06C40092BAEA /* Images */,
				359EC9F21E1B8EB800083309 /* Views */,
				359EC9E91E1B7AB700083309 /* Helpers */,
				359EC9DE1E1B789E00083309 /* Fonts */,
				35CEC2D41E1A26ED007CE4CD /* ViewControllers */,
				35CEC2A61E1A26C8007CE4CD /* AppDelegate.swift */,
				35CEC2AD1E1A26C8007CE4CD /* Assets.xcassets */,
				35CEC2AF1E1A26C8007CE4CD /* LaunchScreen.storyboard */,
				35CEC2B21E1A26C8007CE4CD /* Info.plist */,
			);
			path = ProjectClose;
			sourceTree = "<group>";
		};
		35CEC2BA1E1A26C8007CE4CD /* ProjectCloseTests */ = {
			isa = PBXGroup;
			children = (
				35CEC2BB1E1A26C8007CE4CD /* ProjectCloseTests.swift */,
				35CEC2BD1E1A26C8007CE4CD /* Info.plist */,
			);
			path = ProjectCloseTests;
			sourceTree = "<group>";
		};
		35CEC2C51E1A26C8007CE4CD /* ProjectCloseUITests */ = {
			isa = PBXGroup;
			children = (
				35CEC2C61E1A26C8007CE4CD /* ProjectCloseUITests.swift */,
				35CEC2C81E1A26C8007CE4CD /* Info.plist */,
			);
			path = ProjectCloseUITests;
			sourceTree = "<group>";
		};
		35CEC2D41E1A26ED007CE4CD /* ViewControllers */ = {
			isa = PBXGroup;
			children = (
				35EB2EF71E2C899D00C4EB19 /* Paging */,
				35EB2EF31E2C889500C4EB19 /* Reports */,
				35EB2EF61E2C896D00C4EB19 /* TabBar */,
				35EB2EF51E2C890400C4EB19 /* Login */,
				35EB2EF41E2C88A700C4EB19 /* Settings */,
				35EB2EF21E2C888200C4EB19 /* Leads */,
				35EB2EF11E2C886F00C4EB19 /* Opportunities */,
				35EB2EF01E2C885E00C4EB19 /* Inbox */,
			);
			name = ViewControllers;
			sourceTree = "<group>";
		};
		35EB2EF01E2C885E00C4EB19 /* Inbox */ = {
			isa = PBXGroup;
			children = (
				3586C0EF1E23C15800BDB146 /* AllInboxViewController.swift */,
				3586C0F11E23C16E00BDB146 /* FutureInboxViewController.swift */,
				3586C0F31E23C18500BDB146 /* DoneInboxViewController.swift */,
				358185DC1E1F9C600092BAEA /* InboxNavigationController.swift */,
				358185E11E1FA5350092BAEA /* InboxViewController.swift */,
			);
			name = Inbox;
			sourceTree = "<group>";
		};
		35EB2EF11E2C886F00C4EB19 /* Opportunities */ = {
			isa = PBXGroup;
			children = (
				358185EB1E1FA7AC0092BAEA /* OpportunitiesNavigationController.swift */,
				358185E31E1FA7440092BAEA /* OpportunitiesViewController.swift */,
			);
			name = Opportunities;
			sourceTree = "<group>";
		};
		35EB2EF21E2C888200C4EB19 /* Leads */ = {
			isa = PBXGroup;
			children = (
				358185ED1E1FA7C10092BAEA /* LeadsNavigationController.swift */,
				358185E51E1FA7530092BAEA /* LeadsViewController.swift */,
				35EB2EFF1E31F4AE00C4EB19 /* LeadsTableViewController.swift */,
				35EB2F011E31FC5400C4EB19 /* AddLeadViewController.swift */,
				35EB2F031E35C46000C4EB19 /* LeadTasksTableViewController.swift */,
				35EB2F051E35C47400C4EB19 /* LeadOpportunitiesTableViewController.swift */,
				35EB2F071E35C48900C4EB19 /* LeadContactsTableViewController.swift */,
				35EB2F091E35C4A200C4EB19 /* LeadMessagesTableViewController.swift */,
				35EB2F0D1E365AF600C4EB19 /* LeadStatusTableViewController.swift */,
				35CA993D1E406D1B00240E53 /* LeadDetailsContainerViewController.swift */,
				35CA993F1E41CE5F00240E53 /* AddLeadTaskViewController.swift */,
			);
			name = Leads;
			sourceTree = "<group>";
		};
		35EB2EF31E2C889500C4EB19 /* Reports */ = {
			isa = PBXGroup;
			children = (
				358185EF1E1FA7D70092BAEA /* ReportsNavigationController.swift */,
				358185E71E1FA7610092BAEA /* ReportsViewController.swift */,
			);
			name = Reports;
			sourceTree = "<group>";
		};
		35EB2EF41E2C88A700C4EB19 /* Settings */ = {
			isa = PBXGroup;
			children = (
				35EB2EEE1E2C882800C4EB19 /* UsersTableViewController.swift */,
				35EB2EEC1E2BAC0300C4EB19 /* AddUserViewController.swift */,
				358185F11E1FA7F00092BAEA /* SettingsNavigationController.swift */,
				358185E91E1FA76F0092BAEA /* SettingsViewController.swift */,
				35EB2EFD1E2F8C4400C4EB19 /* SettingsTableViewController.swift */,
				35CA99411E41FBFD00240E53 /* ChooseUserTableViewController.swift */,
			);
			name = Settings;
			sourceTree = "<group>";
		};
		35EB2EF51E2C890400C4EB19 /* Login */ = {
			isa = PBXGroup;
			children = (
				35CEC2D51E1A2719007CE4CD /* LoginViewController.swift */,
			);
			name = Login;
			sourceTree = "<group>";
		};
		35EB2EF61E2C896D00C4EB19 /* TabBar */ = {
			isa = PBXGroup;
			children = (
				358185DA1E1E5D650092BAEA /* MainTabBarController.swift */,
			);
			name = TabBar;
			sourceTree = "<group>";
		};
		35EB2EF71E2C899D00C4EB19 /* Paging */ = {
			isa = PBXGroup;
			children = (
				3586C0FC1E24FA0200BDB146 /* OverridenPagingMenuController.swift */,
				35EB2F0B1E35C73400C4EB19 /* LeadDetailsPagingMenuViewController.swift */,
			);
			name = Paging;
			sourceTree = "<group>";
		};
		35EB2EFA1E2D164900C4EB19 /* Protocols */ = {
			isa = PBXGroup;
			children = (
				35EB2EFB1E2D168800C4EB19 /* AddUserDelegate.swift */,
				35EB2F0F1E36FAF800C4EB19 /* AddLeadDelegate.swift */,
				35EB2F111E37010900C4EB19 /* ChangeLeadDelegate.swift */,
				35CA99431E42160200240E53 /* UserChoosenDelegate.swift */,
				358D749B1E4456DE0093CC70 /* AddLeadTaskDelegate.swift */,
			);
			name = Protocols;
			sourceTree = "<group>";
		};
		633E6FB097E56B8348540EB6 /* Pods */ = {
			isa = PBXGroup;
			children = (
				6ECAE13BDA4955B49286C340 /* Pods-ProjectClose.debug.xcconfig */,
				79B0DBDFB01DA63D6867F237 /* Pods-ProjectClose.release.xcconfig */,
				28464E6986A7DD2ADF204656 /* Pods-ProjectCloseTests.debug.xcconfig */,
				A8D95A08FB6D89E14964D0C8 /* Pods-ProjectCloseTests.release.xcconfig */,
				37C923CCB9F5D096F31FBB7F /* Pods-ProjectCloseUITests.debug.xcconfig */,
				D7517B93CB45629F7DF06CB9 /* Pods-ProjectCloseUITests.release.xcconfig */,
			);
			name = Pods;
			sourceTree = "<group>";
		};
/* End PBXGroup section */

/* Begin PBXNativeTarget section */
		35CEC2A21E1A26C8007CE4CD /* ProjectClose */ = {
			isa = PBXNativeTarget;
			buildConfigurationList = 35CEC2CB1E1A26C8007CE4CD /* Build configuration list for PBXNativeTarget "ProjectClose" */;
			buildPhases = (
				411FC56102F110458028CD3E /* [CP] Check Pods Manifest.lock */,
				35CEC29F1E1A26C8007CE4CD /* Sources */,
				35CEC2A01E1A26C8007CE4CD /* Frameworks */,
				35CEC2A11E1A26C8007CE4CD /* Resources */,
				2C79A92F14C08FC2233D802A /* [CP] Embed Pods Frameworks */,
				55CF9BD1853E659B5935620D /* [CP] Copy Pods Resources */,
			);
			buildRules = (
			);
			dependencies = (
			);
			name = ProjectClose;
			productName = ProjectClose;
			productReference = 35CEC2A31E1A26C8007CE4CD /* ProjectClose.app */;
			productType = "com.apple.product-type.application";
		};
		35CEC2B61E1A26C8007CE4CD /* ProjectCloseTests */ = {
			isa = PBXNativeTarget;
			buildConfigurationList = 35CEC2CE1E1A26C8007CE4CD /* Build configuration list for PBXNativeTarget "ProjectCloseTests" */;
			buildPhases = (
				2697C6D67759F6FC7257B229 /* [CP] Check Pods Manifest.lock */,
				35CEC2B31E1A26C8007CE4CD /* Sources */,
				35CEC2B41E1A26C8007CE4CD /* Frameworks */,
				35CEC2B51E1A26C8007CE4CD /* Resources */,
				E3056205ADEBAD927CA9D41E /* [CP] Embed Pods Frameworks */,
				91143542323EEDAF0E4FFEEA /* [CP] Copy Pods Resources */,
			);
			buildRules = (
			);
			dependencies = (
				35CEC2B91E1A26C8007CE4CD /* PBXTargetDependency */,
			);
			name = ProjectCloseTests;
			productName = ProjectCloseTests;
			productReference = 35CEC2B71E1A26C8007CE4CD /* ProjectCloseTests.xctest */;
			productType = "com.apple.product-type.bundle.unit-test";
		};
		35CEC2C11E1A26C8007CE4CD /* ProjectCloseUITests */ = {
			isa = PBXNativeTarget;
			buildConfigurationList = 35CEC2D11E1A26C8007CE4CD /* Build configuration list for PBXNativeTarget "ProjectCloseUITests" */;
			buildPhases = (
				E148EE7FDC0BC9C51004E954 /* [CP] Check Pods Manifest.lock */,
				35CEC2BE1E1A26C8007CE4CD /* Sources */,
				35CEC2BF1E1A26C8007CE4CD /* Frameworks */,
				35CEC2C01E1A26C8007CE4CD /* Resources */,
				91ED7932DCF7D467B5153229 /* [CP] Embed Pods Frameworks */,
				9F51DE08E45DA2C6CDF93239 /* [CP] Copy Pods Resources */,
			);
			buildRules = (
			);
			dependencies = (
				35CEC2C41E1A26C8007CE4CD /* PBXTargetDependency */,
			);
			name = ProjectCloseUITests;
			productName = ProjectCloseUITests;
			productReference = 35CEC2C21E1A26C8007CE4CD /* ProjectCloseUITests.xctest */;
			productType = "com.apple.product-type.bundle.ui-testing";
		};
/* End PBXNativeTarget section */

/* Begin PBXProject section */
		35CEC29B1E1A26C7007CE4CD /* Project object */ = {
			isa = PBXProject;
			attributes = {
				LastSwiftUpdateCheck = 0820;
				LastUpgradeCheck = 0820;
				ORGANIZATIONNAME = diskodev;
				TargetAttributes = {
					35CEC2A21E1A26C8007CE4CD = {
						CreatedOnToolsVersion = 8.2.1;
						DevelopmentTeam = 475LD5C37J;
						ProvisioningStyle = Automatic;
					};
					35CEC2B61E1A26C8007CE4CD = {
						CreatedOnToolsVersion = 8.2.1;
						DevelopmentTeam = 475LD5C37J;
						ProvisioningStyle = Automatic;
						TestTargetID = 35CEC2A21E1A26C8007CE4CD;
					};
					35CEC2C11E1A26C8007CE4CD = {
						CreatedOnToolsVersion = 8.2.1;
						DevelopmentTeam = 475LD5C37J;
						ProvisioningStyle = Automatic;
						TestTargetID = 35CEC2A21E1A26C8007CE4CD;
					};
				};
			};
			buildConfigurationList = 35CEC29E1E1A26C7007CE4CD /* Build configuration list for PBXProject "ProjectClose" */;
			compatibilityVersion = "Xcode 3.2";
			developmentRegion = English;
			hasScannedForEncodings = 0;
			knownRegions = (
				en,
				Base,
			);
			mainGroup = 35CEC29A1E1A26C7007CE4CD;
			productRefGroup = 35CEC2A41E1A26C8007CE4CD /* Products */;
			projectDirPath = "";
			projectRoot = "";
			targets = (
				35CEC2A21E1A26C8007CE4CD /* ProjectClose */,
				35CEC2B61E1A26C8007CE4CD /* ProjectCloseTests */,
				35CEC2C11E1A26C8007CE4CD /* ProjectCloseUITests */,
			);
		};
/* End PBXProject section */

/* Begin PBXResourcesBuildPhase section */
		35CEC2A11E1A26C8007CE4CD /* Resources */ = {
			isa = PBXResourcesBuildPhase;
			buildActionMask = 2147483647;
			files = (
				35CEC2B11E1A26C8007CE4CD /* LaunchScreen.storyboard in Resources */,
				359EC9E61E1B78E900083309 /* Lato-Hairline.ttf in Resources */,
				359EC9E41E1B78E900083309 /* Lato-Black.ttf in Resources */,
				359EC9E71E1B78E900083309 /* Lato-Light.ttf in Resources */,
				359EC9E81E1B78E900083309 /* Lato-Regular.ttf in Resources */,
				35CEC2AE1E1A26C8007CE4CD /* Assets.xcassets in Resources */,
				358185C91E1E18F30092BAEA /* close-background.jpg in Resources */,
				359EC9E51E1B78E900083309 /* Lato-Bold.ttf in Resources */,
			);
			runOnlyForDeploymentPostprocessing = 0;
		};
		35CEC2B51E1A26C8007CE4CD /* Resources */ = {
			isa = PBXResourcesBuildPhase;
			buildActionMask = 2147483647;
			files = (
			);
			runOnlyForDeploymentPostprocessing = 0;
		};
		35CEC2C01E1A26C8007CE4CD /* Resources */ = {
			isa = PBXResourcesBuildPhase;
			buildActionMask = 2147483647;
			files = (
			);
			runOnlyForDeploymentPostprocessing = 0;
		};
/* End PBXResourcesBuildPhase section */

/* Begin PBXShellScriptBuildPhase section */
		2697C6D67759F6FC7257B229 /* [CP] Check Pods Manifest.lock */ = {
			isa = PBXShellScriptBuildPhase;
			buildActionMask = 2147483647;
			files = (
			);
			inputPaths = (
			);
			name = "[CP] Check Pods Manifest.lock";
			outputPaths = (
			);
			runOnlyForDeploymentPostprocessing = 0;
			shellPath = /bin/sh;
			shellScript = "diff \"${PODS_ROOT}/../Podfile.lock\" \"${PODS_ROOT}/Manifest.lock\" > /dev/null\nif [ $? != 0 ] ; then\n    # print error to STDERR\n    echo \"error: The sandbox is not in sync with the Podfile.lock. Run 'pod install' or update your CocoaPods installation.\" >&2\n    exit 1\nfi\n";
			showEnvVarsInLog = 0;
		};
		2C79A92F14C08FC2233D802A /* [CP] Embed Pods Frameworks */ = {
			isa = PBXShellScriptBuildPhase;
			buildActionMask = 2147483647;
			files = (
			);
			inputPaths = (
			);
			name = "[CP] Embed Pods Frameworks";
			outputPaths = (
			);
			runOnlyForDeploymentPostprocessing = 0;
			shellPath = /bin/sh;
			shellScript = "\"${SRCROOT}/Pods/Target Support Files/Pods-ProjectClose/Pods-ProjectClose-frameworks.sh\"\n";
			showEnvVarsInLog = 0;
		};
		411FC56102F110458028CD3E /* [CP] Check Pods Manifest.lock */ = {
			isa = PBXShellScriptBuildPhase;
			buildActionMask = 2147483647;
			files = (
			);
			inputPaths = (
			);
			name = "[CP] Check Pods Manifest.lock";
			outputPaths = (
			);
			runOnlyForDeploymentPostprocessing = 0;
			shellPath = /bin/sh;
			shellScript = "diff \"${PODS_ROOT}/../Podfile.lock\" \"${PODS_ROOT}/Manifest.lock\" > /dev/null\nif [ $? != 0 ] ; then\n    # print error to STDERR\n    echo \"error: The sandbox is not in sync with the Podfile.lock. Run 'pod install' or update your CocoaPods installation.\" >&2\n    exit 1\nfi\n";
			showEnvVarsInLog = 0;
		};
		55CF9BD1853E659B5935620D /* [CP] Copy Pods Resources */ = {
			isa = PBXShellScriptBuildPhase;
			buildActionMask = 2147483647;
			files = (
			);
			inputPaths = (
			);
			name = "[CP] Copy Pods Resources";
			outputPaths = (
			);
			runOnlyForDeploymentPostprocessing = 0;
			shellPath = /bin/sh;
			shellScript = "\"${SRCROOT}/Pods/Target Support Files/Pods-ProjectClose/Pods-ProjectClose-resources.sh\"\n";
			showEnvVarsInLog = 0;
		};
		91143542323EEDAF0E4FFEEA /* [CP] Copy Pods Resources */ = {
			isa = PBXShellScriptBuildPhase;
			buildActionMask = 2147483647;
			files = (
			);
			inputPaths = (
			);
			name = "[CP] Copy Pods Resources";
			outputPaths = (
			);
			runOnlyForDeploymentPostprocessing = 0;
			shellPath = /bin/sh;
			shellScript = "\"${SRCROOT}/Pods/Target Support Files/Pods-ProjectCloseTests/Pods-ProjectCloseTests-resources.sh\"\n";
			showEnvVarsInLog = 0;
		};
		91ED7932DCF7D467B5153229 /* [CP] Embed Pods Frameworks */ = {
			isa = PBXShellScriptBuildPhase;
			buildActionMask = 2147483647;
			files = (
			);
			inputPaths = (
			);
			name = "[CP] Embed Pods Frameworks";
			outputPaths = (
			);
			runOnlyForDeploymentPostprocessing = 0;
			shellPath = /bin/sh;
			shellScript = "\"${SRCROOT}/Pods/Target Support Files/Pods-ProjectCloseUITests/Pods-ProjectCloseUITests-frameworks.sh\"\n";
			showEnvVarsInLog = 0;
		};
		9F51DE08E45DA2C6CDF93239 /* [CP] Copy Pods Resources */ = {
			isa = PBXShellScriptBuildPhase;
			buildActionMask = 2147483647;
			files = (
			);
			inputPaths = (
			);
			name = "[CP] Copy Pods Resources";
			outputPaths = (
			);
			runOnlyForDeploymentPostprocessing = 0;
			shellPath = /bin/sh;
			shellScript = "\"${SRCROOT}/Pods/Target Support Files/Pods-ProjectCloseUITests/Pods-ProjectCloseUITests-resources.sh\"\n";
			showEnvVarsInLog = 0;
		};
		E148EE7FDC0BC9C51004E954 /* [CP] Check Pods Manifest.lock */ = {
			isa = PBXShellScriptBuildPhase;
			buildActionMask = 2147483647;
			files = (
			);
			inputPaths = (
			);
			name = "[CP] Check Pods Manifest.lock";
			outputPaths = (
			);
			runOnlyForDeploymentPostprocessing = 0;
			shellPath = /bin/sh;
			shellScript = "diff \"${PODS_ROOT}/../Podfile.lock\" \"${PODS_ROOT}/Manifest.lock\" > /dev/null\nif [ $? != 0 ] ; then\n    # print error to STDERR\n    echo \"error: The sandbox is not in sync with the Podfile.lock. Run 'pod install' or update your CocoaPods installation.\" >&2\n    exit 1\nfi\n";
			showEnvVarsInLog = 0;
		};
		E3056205ADEBAD927CA9D41E /* [CP] Embed Pods Frameworks */ = {
			isa = PBXShellScriptBuildPhase;
			buildActionMask = 2147483647;
			files = (
			);
			inputPaths = (
			);
			name = "[CP] Embed Pods Frameworks";
			outputPaths = (
			);
			runOnlyForDeploymentPostprocessing = 0;
			shellPath = /bin/sh;
			shellScript = "\"${SRCROOT}/Pods/Target Support Files/Pods-ProjectCloseTests/Pods-ProjectCloseTests-frameworks.sh\"\n";
			showEnvVarsInLog = 0;
		};
/* End PBXShellScriptBuildPhase section */

/* Begin PBXSourcesBuildPhase section */
		35CEC29F1E1A26C8007CE4CD /* Sources */ = {
			isa = PBXSourcesBuildPhase;
			buildActionMask = 2147483647;
			files = (
				358185EE1E1FA7C10092BAEA /* LeadsNavigationController.swift in Sources */,
				358185E81E1FA7610092BAEA /* ReportsViewController.swift in Sources */,
				358185E61E1FA7530092BAEA /* LeadsViewController.swift in Sources */,
				3586C0FD1E24FA0200BDB146 /* OverridenPagingMenuController.swift in Sources */,
				35EB2F121E37010900C4EB19 /* ChangeLeadDelegate.swift in Sources */,
				3586C0F91E24CBCA00BDB146 /* User.swift in Sources */,
				35EB2F021E31FC5400C4EB19 /* AddLeadViewController.swift in Sources */,
				358185E41E1FA7440092BAEA /* OpportunitiesViewController.swift in Sources */,
				3586C0FB1E24CC8900BDB146 /* Lead.swift in Sources */,
				358185F21E1FA7F00092BAEA /* SettingsNavigationController.swift in Sources */,
				359EC9EB1E1B7ADE00083309 /* Utilities.swift in Sources */,
				35CA99401E41CE5F00240E53 /* AddLeadTaskViewController.swift in Sources */,
				35EB2F001E31F4AE00C4EB19 /* LeadsTableViewController.swift in Sources */,
				358185F01E1FA7D70092BAEA /* ReportsNavigationController.swift in Sources */,
				358185E21E1FA5350092BAEA /* InboxViewController.swift in Sources */,
				359EC9EF1E1B7B0600083309 /* ProjectCloseFonts.swift in Sources */,
				358185DD1E1F9C600092BAEA /* InboxNavigationController.swift in Sources */,
				358185DB1E1E5D650092BAEA /* MainTabBarController.swift in Sources */,
				3586C0F01E23C15800BDB146 /* AllInboxViewController.swift in Sources */,
				358185EA1E1FA76F0092BAEA /* SettingsViewController.swift in Sources */,
				35EB2F0C1E35C73400C4EB19 /* LeadDetailsPagingMenuViewController.swift in Sources */,
				35EB2F0E1E365AF600C4EB19 /* LeadStatusTableViewController.swift in Sources */,
				359EC9F41E1B8EE700083309 /* UIOffsetUITextField.swift in Sources */,
				35CA99421E41FBFD00240E53 /* ChooseUserTableViewController.swift in Sources */,
				35EB2EFE1E2F8C4400C4EB19 /* SettingsTableViewController.swift in Sources */,
				35CA99441E42160200240E53 /* UserChoosenDelegate.swift in Sources */,
				358185E01E1FA07B0092BAEA /* Extensions.swift in Sources */,
				3586C0F71E24C50600BDB146 /* Task.swift in Sources */,
				3586C0F41E23C18500BDB146 /* DoneInboxViewController.swift in Sources */,
				35EB2EF91E2CAB1300C4EB19 /* UserTableViewCell.swift in Sources */,
				35EB2F101E36FAF800C4EB19 /* AddLeadDelegate.swift in Sources */,
				3586C0F21E23C16E00BDB146 /* FutureInboxViewController.swift in Sources */,
				358185EC1E1FA7AC0092BAEA /* OpportunitiesNavigationController.swift in Sources */,
				35EB2EFC1E2D168800C4EB19 /* AddUserDelegate.swift in Sources */,
				35EB2F0A1E35C4A200C4EB19 /* LeadMessagesTableViewController.swift in Sources */,
				35EB2F141E38682100C4EB19 /* MakeLeadDetailsPagingMenuViewController.swift in Sources */,
				35CEC2D61E1A2719007CE4CD /* LoginViewController.swift in Sources */,
				359EC9F11E1B7B1700083309 /* ProjectCloseStrings.swift in Sources */,
				35EB2EED1E2BAC0300C4EB19 /* AddUserViewController.swift in Sources */,
				359EC9ED1E1B7AF300083309 /* ProjectCloseColors.swift in Sources */,
				35EB2EEF1E2C882800C4EB19 /* UsersTableViewController.swift in Sources */,
				35EB2F081E35C48900C4EB19 /* LeadContactsTableViewController.swift in Sources */,
				358D749C1E4456DE0093CC70 /* AddLeadTaskDelegate.swift in Sources */,
				35EB2F041E35C46000C4EB19 /* LeadTasksTableViewController.swift in Sources */,
				35CEC2A71E1A26C8007CE4CD /* AppDelegate.swift in Sources */,
				35EB2F061E35C47400C4EB19 /* LeadOpportunitiesTableViewController.swift in Sources */,
				35CA993E1E406D1B00240E53 /* LeadDetailsContainerViewController.swift in Sources */,
			);
			runOnlyForDeploymentPostprocessing = 0;
		};
		35CEC2B31E1A26C8007CE4CD /* Sources */ = {
			isa = PBXSourcesBuildPhase;
			buildActionMask = 2147483647;
			files = (
				35CEC2BC1E1A26C8007CE4CD /* ProjectCloseTests.swift in Sources */,
			);
			runOnlyForDeploymentPostprocessing = 0;
		};
		35CEC2BE1E1A26C8007CE4CD /* Sources */ = {
			isa = PBXSourcesBuildPhase;
			buildActionMask = 2147483647;
			files = (
				35CEC2C71E1A26C8007CE4CD /* ProjectCloseUITests.swift in Sources */,
			);
			runOnlyForDeploymentPostprocessing = 0;
		};
/* End PBXSourcesBuildPhase section */

/* Begin PBXTargetDependency section */
		35CEC2B91E1A26C8007CE4CD /* PBXTargetDependency */ = {
			isa = PBXTargetDependency;
			target = 35CEC2A21E1A26C8007CE4CD /* ProjectClose */;
			targetProxy = 35CEC2B81E1A26C8007CE4CD /* PBXContainerItemProxy */;
		};
		35CEC2C41E1A26C8007CE4CD /* PBXTargetDependency */ = {
			isa = PBXTargetDependency;
			target = 35CEC2A21E1A26C8007CE4CD /* ProjectClose */;
			targetProxy = 35CEC2C31E1A26C8007CE4CD /* PBXContainerItemProxy */;
		};
/* End PBXTargetDependency section */

/* Begin PBXVariantGroup section */
		35CEC2AF1E1A26C8007CE4CD /* LaunchScreen.storyboard */ = {
			isa = PBXVariantGroup;
			children = (
				35CEC2B01E1A26C8007CE4CD /* Base */,
			);
			name = LaunchScreen.storyboard;
			sourceTree = "<group>";
		};
/* End PBXVariantGroup section */

/* Begin XCBuildConfiguration section */
		35CEC2C91E1A26C8007CE4CD /* Debug */ = {
			isa = XCBuildConfiguration;
			buildSettings = {
				ALWAYS_SEARCH_USER_PATHS = NO;
				CLANG_ANALYZER_NONNULL = YES;
				CLANG_CXX_LANGUAGE_STANDARD = "gnu++0x";
				CLANG_CXX_LIBRARY = "libc++";
				CLANG_ENABLE_MODULES = YES;
				CLANG_ENABLE_OBJC_ARC = YES;
				CLANG_WARN_BOOL_CONVERSION = YES;
				CLANG_WARN_CONSTANT_CONVERSION = YES;
				CLANG_WARN_DIRECT_OBJC_ISA_USAGE = YES_ERROR;
				CLANG_WARN_DOCUMENTATION_COMMENTS = YES;
				CLANG_WARN_EMPTY_BODY = YES;
				CLANG_WARN_ENUM_CONVERSION = YES;
				CLANG_WARN_INFINITE_RECURSION = YES;
				CLANG_WARN_INT_CONVERSION = YES;
				CLANG_WARN_OBJC_ROOT_CLASS = YES_ERROR;
				CLANG_WARN_SUSPICIOUS_MOVE = YES;
				CLANG_WARN_UNREACHABLE_CODE = YES;
				CLANG_WARN__DUPLICATE_METHOD_MATCH = YES;
				CODE_SIGN_IDENTITY = "iPhone Developer: Rajkumar P (JMELG32LSG)";
				"CODE_SIGN_IDENTITY[sdk=iphoneos*]" = "iPhone Developer";
				COPY_PHASE_STRIP = NO;
				DEBUG_INFORMATION_FORMAT = dwarf;
				ENABLE_STRICT_OBJC_MSGSEND = YES;
				ENABLE_TESTABILITY = YES;
				GCC_C_LANGUAGE_STANDARD = gnu99;
				GCC_DYNAMIC_NO_PIC = NO;
				GCC_NO_COMMON_BLOCKS = YES;
				GCC_OPTIMIZATION_LEVEL = 0;
				GCC_PREPROCESSOR_DEFINITIONS = (
					"DEBUG=1",
					"$(inherited)",
				);
				GCC_WARN_64_TO_32_BIT_CONVERSION = YES;
				GCC_WARN_ABOUT_RETURN_TYPE = YES_ERROR;
				GCC_WARN_UNDECLARED_SELECTOR = YES;
				GCC_WARN_UNINITIALIZED_AUTOS = YES_AGGRESSIVE;
				GCC_WARN_UNUSED_FUNCTION = YES;
				GCC_WARN_UNUSED_VARIABLE = YES;
				IPHONEOS_DEPLOYMENT_TARGET = 9.3;
				MTL_ENABLE_DEBUG_INFO = YES;
				ONLY_ACTIVE_ARCH = YES;
				SDKROOT = iphoneos;
				SWIFT_ACTIVE_COMPILATION_CONDITIONS = DEBUG;
				SWIFT_OPTIMIZATION_LEVEL = "-Onone";
				TARGETED_DEVICE_FAMILY = "1,2";
			};
			name = Debug;
		};
		35CEC2CA1E1A26C8007CE4CD /* Release */ = {
			isa = XCBuildConfiguration;
			buildSettings = {
				ALWAYS_SEARCH_USER_PATHS = NO;
				CLANG_ANALYZER_NONNULL = YES;
				CLANG_CXX_LANGUAGE_STANDARD = "gnu++0x";
				CLANG_CXX_LIBRARY = "libc++";
				CLANG_ENABLE_MODULES = YES;
				CLANG_ENABLE_OBJC_ARC = YES;
				CLANG_WARN_BOOL_CONVERSION = YES;
				CLANG_WARN_CONSTANT_CONVERSION = YES;
				CLANG_WARN_DIRECT_OBJC_ISA_USAGE = YES_ERROR;
				CLANG_WARN_DOCUMENTATION_COMMENTS = YES;
				CLANG_WARN_EMPTY_BODY = YES;
				CLANG_WARN_ENUM_CONVERSION = YES;
				CLANG_WARN_INFINITE_RECURSION = YES;
				CLANG_WARN_INT_CONVERSION = YES;
				CLANG_WARN_OBJC_ROOT_CLASS = YES_ERROR;
				CLANG_WARN_SUSPICIOUS_MOVE = YES;
				CLANG_WARN_UNREACHABLE_CODE = YES;
				CLANG_WARN__DUPLICATE_METHOD_MATCH = YES;
				CODE_SIGN_IDENTITY = "iPhone Developer: Rajkumar P (JMELG32LSG)";
				"CODE_SIGN_IDENTITY[sdk=iphoneos*]" = "iPhone Developer";
				COPY_PHASE_STRIP = NO;
				DEBUG_INFORMATION_FORMAT = "dwarf-with-dsym";
				ENABLE_NS_ASSERTIONS = NO;
				ENABLE_STRICT_OBJC_MSGSEND = YES;
				GCC_C_LANGUAGE_STANDARD = gnu99;
				GCC_NO_COMMON_BLOCKS = YES;
				GCC_WARN_64_TO_32_BIT_CONVERSION = YES;
				GCC_WARN_ABOUT_RETURN_TYPE = YES_ERROR;
				GCC_WARN_UNDECLARED_SELECTOR = YES;
				GCC_WARN_UNINITIALIZED_AUTOS = YES_AGGRESSIVE;
				GCC_WARN_UNUSED_FUNCTION = YES;
				GCC_WARN_UNUSED_VARIABLE = YES;
				IPHONEOS_DEPLOYMENT_TARGET = 9.3;
				MTL_ENABLE_DEBUG_INFO = NO;
				SDKROOT = iphoneos;
				SWIFT_OPTIMIZATION_LEVEL = "-Owholemodule";
				TARGETED_DEVICE_FAMILY = "1,2";
				VALIDATE_PRODUCT = YES;
			};
			name = Release;
		};
		35CEC2CC1E1A26C8007CE4CD /* Debug */ = {
			isa = XCBuildConfiguration;
			baseConfigurationReference = 6ECAE13BDA4955B49286C340 /* Pods-ProjectClose.debug.xcconfig */;
			buildSettings = {
				ASSETCATALOG_COMPILER_APPICON_NAME = AppIcon;
				CODE_SIGN_IDENTITY = "iPhone Developer: Rajkumar P (JMELG32LSG)";
				"CODE_SIGN_IDENTITY[sdk=iphoneos*]" = "iPhone Developer";
				DEVELOPMENT_TEAM = 475LD5C37J;
				INFOPLIST_FILE = ProjectClose/Info.plist;
				LD_RUNPATH_SEARCH_PATHS = "$(inherited) @executable_path/Frameworks";
				OTHER_LDFLAGS = (
					"$(inherited)",
					"-ObjC",
					"-framework",
					"\"Realm\"",
					"-framework",
					"\"RealmSwift\"",
				);
				PRODUCT_BUNDLE_IDENTIFIER = com.diskodev.ProjectClose;
				PRODUCT_NAME = "$(TARGET_NAME)";
				SWIFT_VERSION = 3.0;
			};
			name = Debug;
		};
		35CEC2CD1E1A26C8007CE4CD /* Release */ = {
			isa = XCBuildConfiguration;
			baseConfigurationReference = 79B0DBDFB01DA63D6867F237 /* Pods-ProjectClose.release.xcconfig */;
			buildSettings = {
				ASSETCATALOG_COMPILER_APPICON_NAME = AppIcon;
				CODE_SIGN_IDENTITY = "iPhone Developer: Rajkumar P (JMELG32LSG)";
				"CODE_SIGN_IDENTITY[sdk=iphoneos*]" = "iPhone Developer";
				DEVELOPMENT_TEAM = 475LD5C37J;
				INFOPLIST_FILE = ProjectClose/Info.plist;
				LD_RUNPATH_SEARCH_PATHS = "$(inherited) @executable_path/Frameworks";
				OTHER_LDFLAGS = (
					"$(inherited)",
					"-ObjC",
					"-framework",
					"\"Realm\"",
					"-framework",
					"\"RealmSwift\"",
				);
				PRODUCT_BUNDLE_IDENTIFIER = com.diskodev.ProjectClose;
				PRODUCT_NAME = "$(TARGET_NAME)";
				SWIFT_VERSION = 3.0;
			};
			name = Release;
		};
		35CEC2CF1E1A26C8007CE4CD /* Debug */ = {
			isa = XCBuildConfiguration;
			baseConfigurationReference = 28464E6986A7DD2ADF204656 /* Pods-ProjectCloseTests.debug.xcconfig */;
			buildSettings = {
				ALWAYS_EMBED_SWIFT_STANDARD_LIBRARIES = "$(inherited)";
				BUNDLE_LOADER = "$(TEST_HOST)";
				CODE_SIGN_IDENTITY = "iPhone Developer: Rajkumar P (JMELG32LSG)";
				"CODE_SIGN_IDENTITY[sdk=iphoneos*]" = "iPhone Developer";
				DEVELOPMENT_TEAM = 475LD5C37J;
				INFOPLIST_FILE = ProjectCloseTests/Info.plist;
				LD_RUNPATH_SEARCH_PATHS = "$(inherited) @executable_path/Frameworks @loader_path/Frameworks";
				OTHER_LDFLAGS = "$(inherited)";
				"OTHER_LDFLAGS[arch=*]" = "$(inherited)";
				PRODUCT_BUNDLE_IDENTIFIER = com.diskodev.ProjectCloseTests;
				PRODUCT_NAME = "$(TARGET_NAME)";
				SWIFT_VERSION = 3.0;
				TEST_HOST = "$(BUILT_PRODUCTS_DIR)/ProjectClose.app/ProjectClose";
			};
			name = Debug;
		};
		35CEC2D01E1A26C8007CE4CD /* Release */ = {
			isa = XCBuildConfiguration;
			baseConfigurationReference = A8D95A08FB6D89E14964D0C8 /* Pods-ProjectCloseTests.release.xcconfig */;
			buildSettings = {
				ALWAYS_EMBED_SWIFT_STANDARD_LIBRARIES = "$(inherited)";
				BUNDLE_LOADER = "$(TEST_HOST)";
				CODE_SIGN_IDENTITY = "iPhone Developer: Rajkumar P (JMELG32LSG)";
				"CODE_SIGN_IDENTITY[sdk=iphoneos*]" = "iPhone Developer";
				DEVELOPMENT_TEAM = 475LD5C37J;
				INFOPLIST_FILE = ProjectCloseTests/Info.plist;
				LD_RUNPATH_SEARCH_PATHS = "$(inherited) @executable_path/Frameworks @loader_path/Frameworks";
				OTHER_LDFLAGS = "";
				"OTHER_LDFLAGS[arch=*]" = "";
				PRODUCT_BUNDLE_IDENTIFIER = com.diskodev.ProjectCloseTests;
				PRODUCT_NAME = "$(TARGET_NAME)";
				SWIFT_VERSION = 3.0;
				TEST_HOST = "$(BUILT_PRODUCTS_DIR)/ProjectClose.app/ProjectClose";
			};
			name = Release;
		};
		35CEC2D21E1A26C8007CE4CD /* Debug */ = {
			isa = XCBuildConfiguration;
			baseConfigurationReference = 37C923CCB9F5D096F31FBB7F /* Pods-ProjectCloseUITests.debug.xcconfig */;
			buildSettings = {
				ALWAYS_EMBED_SWIFT_STANDARD_LIBRARIES = "$(inherited)";
				CODE_SIGN_IDENTITY = "iPhone Developer: Rajkumar P (JMELG32LSG)";
				"CODE_SIGN_IDENTITY[sdk=iphoneos*]" = "iPhone Developer";
				DEVELOPMENT_TEAM = 475LD5C37J;
				INFOPLIST_FILE = ProjectCloseUITests/Info.plist;
				LD_RUNPATH_SEARCH_PATHS = "$(inherited) @executable_path/Frameworks @loader_path/Frameworks";
				OTHER_LDFLAGS = "$(inherited)";
				PRODUCT_BUNDLE_IDENTIFIER = com.diskodev.ProjectCloseUITests;
				PRODUCT_NAME = "$(TARGET_NAME)";
				SWIFT_VERSION = 3.0;
				TEST_TARGET_NAME = ProjectClose;
			};
			name = Debug;
		};
		35CEC2D31E1A26C8007CE4CD /* Release */ = {
			isa = XCBuildConfiguration;
			baseConfigurationReference = D7517B93CB45629F7DF06CB9 /* Pods-ProjectCloseUITests.release.xcconfig */;
			buildSettings = {
				ALWAYS_EMBED_SWIFT_STANDARD_LIBRARIES = "$(inherited)";
				CODE_SIGN_IDENTITY = "iPhone Developer: Rajkumar P (JMELG32LSG)";
				"CODE_SIGN_IDENTITY[sdk=iphoneos*]" = "iPhone Developer";
				DEVELOPMENT_TEAM = 475LD5C37J;
				INFOPLIST_FILE = ProjectCloseUITests/Info.plist;
				LD_RUNPATH_SEARCH_PATHS = "$(inherited) @executable_path/Frameworks @loader_path/Frameworks";
				OTHER_LDFLAGS = "$(inherited)";
				PRODUCT_BUNDLE_IDENTIFIER = com.diskodev.ProjectCloseUITests;
				PRODUCT_NAME = "$(TARGET_NAME)";
				SWIFT_VERSION = 3.0;
				TEST_TARGET_NAME = ProjectClose;
			};
			name = Release;
		};
/* End XCBuildConfiguration section */

/* Begin XCConfigurationList section */
		35CEC29E1E1A26C7007CE4CD /* Build configuration list for PBXProject "ProjectClose" */ = {
			isa = XCConfigurationList;
			buildConfigurations = (
				35CEC2C91E1A26C8007CE4CD /* Debug */,
				35CEC2CA1E1A26C8007CE4CD /* Release */,
			);
			defaultConfigurationIsVisible = 0;
			defaultConfigurationName = Release;
		};
		35CEC2CB1E1A26C8007CE4CD /* Build configuration list for PBXNativeTarget "ProjectClose" */ = {
			isa = XCConfigurationList;
			buildConfigurations = (
				35CEC2CC1E1A26C8007CE4CD /* Debug */,
				35CEC2CD1E1A26C8007CE4CD /* Release */,
			);
			defaultConfigurationIsVisible = 0;
			defaultConfigurationName = Release;
		};
		35CEC2CE1E1A26C8007CE4CD /* Build configuration list for PBXNativeTarget "ProjectCloseTests" */ = {
			isa = XCConfigurationList;
			buildConfigurations = (
				35CEC2CF1E1A26C8007CE4CD /* Debug */,
				35CEC2D01E1A26C8007CE4CD /* Release */,
			);
			defaultConfigurationIsVisible = 0;
			defaultConfigurationName = Release;
		};
		35CEC2D11E1A26C8007CE4CD /* Build configuration list for PBXNativeTarget "ProjectCloseUITests" */ = {
			isa = XCConfigurationList;
			buildConfigurations = (
				35CEC2D21E1A26C8007CE4CD /* Debug */,
				35CEC2D31E1A26C8007CE4CD /* Release */,
			);
			defaultConfigurationIsVisible = 0;
			defaultConfigurationName = Release;
		};
/* End XCConfigurationList section */
	};
	rootObject = 35CEC29B1E1A26C7007CE4CD /* Project object */;
}
